
Microsoft Visual Studio Solution File, Format Version 12.00
# Visual Studio Version 16
VisualStudioVersion = 16.0.29613.14
MinimumVisualStudioVersion = 10.0.40219.1
Project("{FAE04EC0-301F-11D3-BF4B-00C04F79EFBC}") = "Solution14", "Solution14.csproj", "{2AC0A8A6-4F25-4187-A1D9-00F20271D6BB}"
EndProject
Global
	GlobalSection(SolutionConfigurationPlatforms) = preSolution
		Debug|Any CPU = Debug|Any CPU
		Release|Any CPU = Release|Any CPU
	EndGlobalSection
	GlobalSection(ProjectConfigurationPlatforms) = postSolution
		{2AC0A8A6-4F25-4187-A1D9-00F20271D6BB}.Debug|Any CPU.ActiveCfg = Debug|Any CPU
		{2AC0A8A6-4F25-4187-A1D9-00F20271D6BB}.Debug|Any CPU.Build.0 = Debug|Any CPU
		{2AC0A8A6-4F25-4187-A1D9-00F20271D6BB}.Release|Any CPU.ActiveCfg = Release|Any CPU
		{2AC0A8A6-4F25-4187-A1D9-00F20271D6BB}.Release|Any CPU.Build.0 = Release|Any CPU
	EndGlobalSection
	GlobalSection(SolutionProperties) = preSolution
		HideSolutionNode = FALSE
	EndGlobalSection
	GlobalSection(ExtensibilityGlobals) = postSolution
		SolutionGuid = {5270EC07-E075-435A-86A4-98AA28416C00}
	EndGlobalSection
EndGlobal
