
Microsoft Visual Studio Solution File, Format Version 12.00
# Visual Studio Version 16
VisualStudioVersion = 16.0.29613.14
MinimumVisualStudioVersion = 10.0.40219.1
Project("{FAE04EC0-301F-11D3-BF4B-00C04F79EFBC}") = "Solution15", "Solution15.csproj", "{0E7620CB-DE60-49EC-BC72-25CD3ACB82E5}"
EndProject
Global
	GlobalSection(SolutionConfigurationPlatforms) = preSolution
		Debug|Any CPU = Debug|Any CPU
		Release|Any CPU = Release|Any CPU
	EndGlobalSection
	GlobalSection(ProjectConfigurationPlatforms) = postSolution
		{0E7620CB-DE60-49EC-BC72-25CD3ACB82E5}.Debug|Any CPU.ActiveCfg = Debug|Any CPU
		{0E7620CB-DE60-49EC-BC72-25CD3ACB82E5}.Debug|Any CPU.Build.0 = Debug|Any CPU
		{0E7620CB-DE60-49EC-BC72-25CD3ACB82E5}.Release|Any CPU.ActiveCfg = Release|Any CPU
		{0E7620CB-DE60-49EC-BC72-25CD3ACB82E5}.Release|Any CPU.Build.0 = Release|Any CPU
	EndGlobalSection
	GlobalSection(SolutionProperties) = preSolution
		HideSolutionNode = FALSE
	EndGlobalSection
	GlobalSection(ExtensibilityGlobals) = postSolution
		SolutionGuid = {607E5D6E-3913-4D3C-B65C-416C20EC8810}
	EndGlobalSection
EndGlobal
